Microsoft Visual Studio Solution File, Format Version 12.00
# Visual Studio 15
VisualStudioVersion = 15.0.28307.1000
MinimumVisualStudioVersion = 10.0.40219.1
Project("{8BC9CEB8-8B4A-11D0-8D11-00A0C91BC942}") = "TConsole", "TConsole\TConsole.vcxproj", "{A774AFC0-39D1-4D6B-8E86-A7ABE04F6D5B}"
EndProject
Global
	GlobalSection(SolutionConfigurationPlatforms) = preSolution
		Debug|x86 = Debug|x86
		Release|x86 = Release|x86
	EndGlobalSection
	GlobalSection(ProjectConfigurationPlatforms) = postSolution
		{A774AFC0-39D1-4D6B-8E86-A7ABE04F6D5B}.Debug|x86.ActiveCfg = Debug|Win32
		{A774AFC0-39D1-4D6B-8E86-A7ABE04F6D5B}.Debug|x86.Build.0 = Debug|Win32
		{A774AFC0-39D1-4D6B-8E86-A7ABE04F6D5B}.Release|x86.ActiveCfg = Release|Win32
		{A774AFC0-39D1-4D6B-8E86-A7ABE04F6D5B}.Release|x86.Build.0 = Release|Win32
	EndGlobalSection
	GlobalSection(SolutionProperties) = preSolution
		HideSolutionNode = FALSE
	EndGlobalSection
	GlobalSection(ExtensibilityGlobals) = postSolution
		SolutionGuid = {C0EC5D99-2BF4-4FF7-9174-51B7F4573849}
	EndGlobalSection
EndGlobal
