<?xml version="1.0" encoding="utf-8"?>
<Project ToolsVersion="4.0" xmlns="http://schemas.microsoft.com/developer/msbuild/2003">
  <ItemGroup>
    <Filter Include="Source Files">
      <UniqueIdentifier>{4FC737F1-C7A5-4376-A066-2A32D752A2FF}</UniqueIdentifier>
      <Extensions>cpp;c;cxx;def;odl;idl;hpj;bat;asm;asmx</Extensions>
    </Filter>
    <Filter Include="Header Files">
      <UniqueIdentifier>{93995380-89BD-4b04-88EB-625FBE52EBFB}</UniqueIdentifier>
      <Extensions>h;hpp;hxx;hm;inl;inc;xsd</Extensions>
    </Filter>
    <Filter Include="Resource Files">
      <UniqueIdentifier>{67DA6AB6-F800-4c08-8B7A-83BB121AAD01}</UniqueIdentifier>
      <Extensions>rc;ico;cur;bmp;dlg;rc2;rct;bin;rgs;gif;jpg;jpeg;jpe;resx</Extensions>
    </Filter>
  </ItemGroup>
  <ItemGroup>
    <ClCompile Include="ColorDlg.cpp">
      <Filter>Source Files</Filter>
    </ClCompile>
    <ClCompile Include="ColourPickerXP.cpp">
      <Filter>Source Files</Filter>
    </ClCompile>
    <ClCompile Include="EditRedir.cpp">
      <Filter>Source Files</Filter>
    </ClCompile>
    <ClCompile Include="Eventer.cpp">
      <Filter>Source Files</Filter>
    </ClCompile>
    <ClCompile Include="FontHelper.cpp">
      <Filter>Source Files</Filter>
    </ClCompile>
    <ClCompile Include="HMXComboBox.cpp">
      <Filter>Source Files</Filter>
    </ClCompile>
    <ClCompile Include="HMXEdit.cpp">
      <Filter>Source Files</Filter>
    </ClCompile>
    <ClCompile Include="MainFrm.cpp">
      <Filter>Source Files</Filter>
    </ClCompile>
    <ClCompile Include="Redir.cpp">
      <Filter>Source Files</Filter>
    </ClCompile>
    <ClCompile Include="stdafx.cpp">
      <Filter>Source Files</Filter>
    </ClCompile>
    <ClCompile Include="TConsole.cpp">
      <Filter>Source Files</Filter>
    </ClCompile>
    <ClCompile Include="TConsoleDoc.cpp">
      <Filter>Source Files</Filter>
    </ClCompile>
    <ClCompile Include="TConsoleView.cpp">
      <Filter>Source Files</Filter>
    </ClCompile>
    <ClCompile Include="TransparencyDlg.cpp">
      <Filter>Source Files</Filter>
    </ClCompile>
    <ClCompile Include="XPTheme.cpp">
      <Filter>Source Files</Filter>
    </ClCompile>
  </ItemGroup>
  <ItemGroup>
    <ClInclude Include="ColorDlg.h">
      <Filter>Header Files</Filter>
    </ClInclude>
    <ClInclude Include="ColourPickerXP.h">
      <Filter>Header Files</Filter>
    </ClInclude>
    <ClInclude Include="EditRedir.h">
      <Filter>Header Files</Filter>
    </ClInclude>
    <ClInclude Include="Eventer.h">
      <Filter>Header Files</Filter>
    </ClInclude>
    <ClInclude Include="FontHelper.h">
      <Filter>Header Files</Filter>
    </ClInclude>
    <ClInclude Include="HMXComboBox.h">
      <Filter>Header Files</Filter>
    </ClInclude>
    <ClInclude Include="HMXEdit.h">
      <Filter>Header Files</Filter>
    </ClInclude>
    <ClInclude Include="MainFrm.h">
      <Filter>Header Files</Filter>
    </ClInclude>
    <ClInclude Include="MemDC.h">
      <Filter>Header Files</Filter>
    </ClInclude>
    <ClInclude Include="Redir.h">
      <Filter>Header Files</Filter>
    </ClInclude>
    <ClInclude Include="Resource.h">
      <Filter>Header Files</Filter>
    </ClInclude>
    <ClInclude Include="stdafx.h">
      <Filter>Header Files</Filter>
    </ClInclude>
    <ClInclude Include="TConsole.h">
      <Filter>Header Files</Filter>
    </ClInclude>
    <ClInclude Include="TConsoleDoc.h">
      <Filter>Header Files</Filter>
    </ClInclude>
    <ClInclude Include="TConsoleView.h">
      <Filter>Header Files</Filter>
    </ClInclude>
    <ClInclude Include="TransparencyDlg.h">
      <Filter>Header Files</Filter>
    </ClInclude>
    <ClInclude Include="XPTheme.h">
      <Filter>Header Files</Filter>
    </ClInclude>
  </ItemGroup>
  <ItemGroup>
    <Image Include="res\cmd.ico">
      <Filter>Resource Files</Filter>
    </Image>
    <Image Include="res\icon1.ico">
      <Filter>Resource Files</Filter>
    </Image>
    <Image Include="res\icon2.ico">
      <Filter>Resource Files</Filter>
    </Image>
    <Image Include="res\TConsole.ico">
      <Filter>Resource Files</Filter>
    </Image>
    <Image Include="res\TConsoleDoc.ico">
      <Filter>Resource Files</Filter>
    </Image>
    <Image Include="res\Toolbar.bmp">
      <Filter>Resource Files</Filter>
    </Image>
  </ItemGroup>
  <ItemGroup>
    <ResourceCompile Include="TConsole.rc">
      <Filter>Resource Files</Filter>
    </ResourceCompile>
  </ItemGroup>
  <ItemGroup>
    <None Include="res\TConsole.rc2">
      <Filter>Resource Files</Filter>
    </None>
  </ItemGroup>
  <ItemGroup>
    <Text Include="ReadMe.txt" />
  </ItemGroup>
  <ItemGroup>
    <Manifest Include="res\TConsole.manifest" />
  </ItemGroup>
</Project>